
Microsoft Visual Studio Solution File, Format Version 12.00
# Visual Studio Version 17
VisualStudioVersion = 17.11.35312.102
MinimumVisualStudioVersion = 10.0.40219.1
Project("{8BC9CEB8-8B4A-11D0-8D11-00A0C91BC942}") = "10b_Esercizio_4", "10b_Esercizio_4\10b_Esercizio_4.vcxproj", "{7943E2A2-973A-420D-A06A-D99BD93F816E}"
EndProject
Global
	GlobalSection(SolutionConfigurationPlatforms) = preSolution
		Debug|x64 = Debug|x64
		Debug|x86 = Debug|x86
		Release|x64 = Release|x64
		Release|x86 = Release|x86
	EndGlobalSection
	GlobalSection(ProjectConfigurationPlatforms) = postSolution
		{7943E2A2-973A-420D-A06A-D99BD93F816E}.Debug|x64.ActiveCfg = Debug|x64
		{7943E2A2-973A-420D-A06A-D99BD93F816E}.Debug|x64.Build.0 = Debug|x64
		{7943E2A2-973A-420D-A06A-D99BD93F816E}.Debug|x86.ActiveCfg = Debug|Win32
		{7943E2A2-973A-420D-A06A-D99BD93F816E}.Debug|x86.Build.0 = Debug|Win32
		{7943E2A2-973A-420D-A06A-D99BD93F816E}.Release|x64.ActiveCfg = Release|x64
		{7943E2A2-973A-420D-A06A-D99BD93F816E}.Release|x64.Build.0 = Release|x64
		{7943E2A2-973A-420D-A06A-D99BD93F816E}.Release|x86.ActiveCfg = Release|Win32
		{7943E2A2-973A-420D-A06A-D99BD93F816E}.Release|x86.Build.0 = Release|Win32
	EndGlobalSection
	GlobalSection(SolutionProperties) = preSolution
		HideSolutionNode = FALSE
	EndGlobalSection
	GlobalSection(ExtensibilityGlobals) = postSolution
		SolutionGuid = {2B6E4E20-163B-4800-B919-C2938EB2278C}
	EndGlobalSection
EndGlobal
